
Microsoft Visual Studio Solution File, Format Version 11.00
# Visual Studio 2010
Project("{FAE04EC0-301F-11D3-BF4B-00C04F79EFBC}") = "WebAssetsTransfer", "WebAssetsTransfer\WebAssetsTransfer.csproj", "{E7A03422-F983-47C3-9AFF-4D465BD05A2F}"
EndProject
Project("{FAE04EC0-301F-11D3-BF4B-00C04F79EFBC}") = "BLL", "BLL\BLL.csproj", "{FB8E648B-D66E-4B34-9CBE-A7F505E5C5BA}"
EndProject
Project("{FAE04EC0-301F-11D3-BF4B-00C04F79EFBC}") = "Entidades", "Entidades\Entidades.csproj", "{B7BB1ECF-538D-4A02-BCF8-84211CF26B1B}"
EndProject
Project("{FAE04EC0-301F-11D3-BF4B-00C04F79EFBC}") = "DAL", "DAL\DAL.csproj", "{740F9CD5-1F17-45B2-BE7D-56469BE8D362}"
EndProject
Global
	GlobalSection(SolutionConfigurationPlatforms) = preSolution
		Debug|Any CPU = Debug|Any CPU
		Release|Any CPU = Release|Any CPU
	EndGlobalSection
	GlobalSection(ProjectConfigurationPlatforms) = postSolution
		{E7A03422-F983-47C3-9AFF-4D465BD05A2F}.Debug|Any CPU.ActiveCfg = Debug|Any CPU
		{E7A03422-F983-47C3-9AFF-4D465BD05A2F}.Debug|Any CPU.Build.0 = Debug|Any CPU
		{E7A03422-F983-47C3-9AFF-4D465BD05A2F}.Release|Any CPU.ActiveCfg = Release|Any CPU
		{E7A03422-F983-47C3-9AFF-4D465BD05A2F}.Release|Any CPU.Build.0 = Release|Any CPU
		{FB8E648B-D66E-4B34-9CBE-A7F505E5C5BA}.Debug|Any CPU.ActiveCfg = Debug|Any CPU
		{FB8E648B-D66E-4B34-9CBE-A7F505E5C5BA}.Debug|Any CPU.Build.0 = Debug|Any CPU
		{FB8E648B-D66E-4B34-9CBE-A7F505E5C5BA}.Release|Any CPU.ActiveCfg = Release|Any CPU
		{FB8E648B-D66E-4B34-9CBE-A7F505E5C5BA}.Release|Any CPU.Build.0 = Release|Any CPU
		{B7BB1ECF-538D-4A02-BCF8-84211CF26B1B}.Debug|Any CPU.ActiveCfg = Debug|Any CPU
		{B7BB1ECF-538D-4A02-BCF8-84211CF26B1B}.Debug|Any CPU.Build.0 = Debug|Any CPU
		{B7BB1ECF-538D-4A02-BCF8-84211CF26B1B}.Release|Any CPU.ActiveCfg = Release|Any CPU
		{B7BB1ECF-538D-4A02-BCF8-84211CF26B1B}.Release|Any CPU.Build.0 = Release|Any CPU
		{740F9CD5-1F17-45B2-BE7D-56469BE8D362}.Debug|Any CPU.ActiveCfg = Debug|Any CPU
		{740F9CD5-1F17-45B2-BE7D-56469BE8D362}.Debug|Any CPU.Build.0 = Debug|Any CPU
		{740F9CD5-1F17-45B2-BE7D-56469BE8D362}.Release|Any CPU.ActiveCfg = Release|Any CPU
		{740F9CD5-1F17-45B2-BE7D-56469BE8D362}.Release|Any CPU.Build.0 = Release|Any CPU
	EndGlobalSection
	GlobalSection(SolutionProperties) = preSolution
		HideSolutionNode = FALSE
	EndGlobalSection
EndGlobal
